
Microsoft Visual Studio Solution File, Format Version 12.00
# Visual Studio Version 16
VisualStudioVersion = 16.0.29418.71
MinimumVisualStudioVersion = 10.0.40219.1
Project("{9A19103F-16F7-4668-BE54-9A1E7A4F7556}") = "SlateBot", "SlateBot\SlateBot.csproj", "{FF76B674-21A2-4AEA-A2B9-98013623958F}"
EndProject
Project("{FAE04EC0-301F-11D3-BF4B-00C04F79EFBC}") = "PokemonLibrary", "PokemonLibrary\PokemonLibrary.csproj", "{2B800C09-6893-4EDD-9A2C-8951EEE105CF}"
	ProjectSection(ProjectDependencies) = postProject
		{77E08B06-AEF2-4F8E-BACF-6C77B2937312} = {77E08B06-AEF2-4F8E-BACF-6C77B2937312}
	EndProjectSection
EndProject
Project("{FAE04EC0-301F-11D3-BF4B-00C04F79EFBC}") = "CsHelper", "CsHelper\CsHelper.csproj", "{77E08B06-AEF2-4F8E-BACF-6C77B2937312}"
EndProject
Global
	GlobalSection(SolutionConfigurationPlatforms) = preSolution
		Debug|Any CPU = Debug|Any CPU
		Release|Any CPU = Release|Any CPU
	EndGlobalSection
	GlobalSection(ProjectConfigurationPlatforms) = postSolution
		{FF76B674-21A2-4AEA-A2B9-98013623958F}.Debug|Any CPU.ActiveCfg = Debug|Any CPU
		{FF76B674-21A2-4AEA-A2B9-98013623958F}.Debug|Any CPU.Build.0 = Debug|Any CPU
		{FF76B674-21A2-4AEA-A2B9-98013623958F}.Release|Any CPU.ActiveCfg = Release|Any CPU
		{FF76B674-21A2-4AEA-A2B9-98013623958F}.Release|Any CPU.Build.0 = Release|Any CPU
		{2B800C09-6893-4EDD-9A2C-8951EEE105CF}.Debug|Any CPU.ActiveCfg = Debug|Any CPU
		{2B800C09-6893-4EDD-9A2C-8951EEE105CF}.Debug|Any CPU.Build.0 = Debug|Any CPU
		{2B800C09-6893-4EDD-9A2C-8951EEE105CF}.Release|Any CPU.ActiveCfg = Release|Any CPU
		{2B800C09-6893-4EDD-9A2C-8951EEE105CF}.Release|Any CPU.Build.0 = Release|Any CPU
		{77E08B06-AEF2-4F8E-BACF-6C77B2937312}.Debug|Any CPU.ActiveCfg = Debug|Any CPU
		{77E08B06-AEF2-4F8E-BACF-6C77B2937312}.Debug|Any CPU.Build.0 = Debug|Any CPU
		{77E08B06-AEF2-4F8E-BACF-6C77B2937312}.Release|Any CPU.ActiveCfg = Release|Any CPU
		{77E08B06-AEF2-4F8E-BACF-6C77B2937312}.Release|Any CPU.Build.0 = Release|Any CPU
	EndGlobalSection
	GlobalSection(SolutionProperties) = preSolution
		HideSolutionNode = FALSE
	EndGlobalSection
	GlobalSection(ExtensibilityGlobals) = postSolution
		SolutionGuid = {7451C29F-9D53-4F9D-9205-C565FFCE886C}
	EndGlobalSection
EndGlobal
